
Microsoft Visual Studio Solution File, Format Version 12.00
# Visual Studio Version 16
VisualStudioVersion = 16.0.31624.102
MinimumVisualStudioVersion = 10.0.40219.1
Project("{FAE04EC0-301F-11D3-BF4B-00C04F79EFBC}") = "Tarea_1", "Tarea_1\Tarea_1.csproj", "{9C24EE71-220B-4845-A24C-60975BC00FE9}"
EndProject
Global
	GlobalSection(SolutionConfigurationPlatforms) = preSolution
		Debug|Any CPU = Debug|Any CPU
		Release|Any CPU = Release|Any CPU
	EndGlobalSection
	GlobalSection(ProjectConfigurationPlatforms) = postSolution
		{9C24EE71-220B-4845-A24C-60975BC00FE9}.Debug|Any CPU.ActiveCfg = Debug|Any CPU
		{9C24EE71-220B-4845-A24C-60975BC00FE9}.Debug|Any CPU.Build.0 = Debug|Any CPU
		{9C24EE71-220B-4845-A24C-60975BC00FE9}.Release|Any CPU.ActiveCfg = Release|Any CPU
		{9C24EE71-220B-4845-A24C-60975BC00FE9}.Release|Any CPU.Build.0 = Release|Any CPU
	EndGlobalSection
	GlobalSection(SolutionProperties) = preSolution
		HideSolutionNode = FALSE
	EndGlobalSection
	GlobalSection(ExtensibilityGlobals) = postSolution
		SolutionGuid = {C57A7108-EF23-42EA-BB97-0D5EE43129E0}
	EndGlobalSection
EndGlobal
